
Microsoft Visual Studio Solution File, Format Version 12.00
# Visual Studio Version 17
VisualStudioVersion = 17.6.33829.357
MinimumVisualStudioVersion = 10.0.40219.1
Project("{9A19103F-16F7-4668-BE54-9A1E7A4F7556}") = "FA.WebMvc", "FA.WebMvc\FA.WebMvc.csproj", "{B0888515-F1D1-40EE-AD56-983DC0B7D7F0}"
EndProject
Project("{9A19103F-16F7-4668-BE54-9A1E7A4F7556}") = "FA.Model", "FA.Model\FA.Model.csproj", "{058253DB-0F18-4C78-8DD2-114FFCA718D0}"
EndProject
Project("{9A19103F-16F7-4668-BE54-9A1E7A4F7556}") = "FA.Data", "FA.Data\FA.Data.csproj", "{97F15A10-2BAA-40F1-87B6-2EC10F9ECD9B}"
EndProject
Project("{9A19103F-16F7-4668-BE54-9A1E7A4F7556}") = "FA.Common", "FA.Common\FA.Common.csproj", "{C6CC5E73-F47A-4B84-AE96-11523AB04F2D}"
EndProject
Project("{FAE04EC0-301F-11D3-BF4B-00C04F79EFBC}") = "FA.Domain", "FA.Domain\FA.Domain.csproj", "{37F28323-19B7-4A74-A3F5-8EC9B18476A9}"
EndProject
Global
	GlobalSection(SolutionConfigurationPlatforms) = preSolution
		Debug|Any CPU = Debug|Any CPU
		Release|Any CPU = Release|Any CPU
	EndGlobalSection
	GlobalSection(ProjectConfigurationPlatforms) = postSolution
		{B0888515-F1D1-40EE-AD56-983DC0B7D7F0}.Debug|Any CPU.ActiveCfg = Debug|Any CPU
		{B0888515-F1D1-40EE-AD56-983DC0B7D7F0}.Debug|Any CPU.Build.0 = Debug|Any CPU
		{B0888515-F1D1-40EE-AD56-983DC0B7D7F0}.Release|Any CPU.ActiveCfg = Release|Any CPU
		{B0888515-F1D1-40EE-AD56-983DC0B7D7F0}.Release|Any CPU.Build.0 = Release|Any CPU
		{058253DB-0F18-4C78-8DD2-114FFCA718D0}.Debug|Any CPU.ActiveCfg = Debug|Any CPU
		{058253DB-0F18-4C78-8DD2-114FFCA718D0}.Debug|Any CPU.Build.0 = Debug|Any CPU
		{058253DB-0F18-4C78-8DD2-114FFCA718D0}.Release|Any CPU.ActiveCfg = Release|Any CPU
		{058253DB-0F18-4C78-8DD2-114FFCA718D0}.Release|Any CPU.Build.0 = Release|Any CPU
		{97F15A10-2BAA-40F1-87B6-2EC10F9ECD9B}.Debug|Any CPU.ActiveCfg = Debug|Any CPU
		{97F15A10-2BAA-40F1-87B6-2EC10F9ECD9B}.Debug|Any CPU.Build.0 = Debug|Any CPU
		{97F15A10-2BAA-40F1-87B6-2EC10F9ECD9B}.Release|Any CPU.ActiveCfg = Release|Any CPU
		{97F15A10-2BAA-40F1-87B6-2EC10F9ECD9B}.Release|Any CPU.Build.0 = Release|Any CPU
		{C6CC5E73-F47A-4B84-AE96-11523AB04F2D}.Debug|Any CPU.ActiveCfg = Debug|Any CPU
		{C6CC5E73-F47A-4B84-AE96-11523AB04F2D}.Debug|Any CPU.Build.0 = Debug|Any CPU
		{C6CC5E73-F47A-4B84-AE96-11523AB04F2D}.Release|Any CPU.ActiveCfg = Release|Any CPU
		{C6CC5E73-F47A-4B84-AE96-11523AB04F2D}.Release|Any CPU.Build.0 = Release|Any CPU
		{37F28323-19B7-4A74-A3F5-8EC9B18476A9}.Debug|Any CPU.ActiveCfg = Debug|Any CPU
		{37F28323-19B7-4A74-A3F5-8EC9B18476A9}.Debug|Any CPU.Build.0 = Debug|Any CPU
		{37F28323-19B7-4A74-A3F5-8EC9B18476A9}.Release|Any CPU.ActiveCfg = Release|Any CPU
		{37F28323-19B7-4A74-A3F5-8EC9B18476A9}.Release|Any CPU.Build.0 = Release|Any CPU
	EndGlobalSection
	GlobalSection(SolutionProperties) = preSolution
		HideSolutionNode = FALSE
	EndGlobalSection
	GlobalSection(ExtensibilityGlobals) = postSolution
		SolutionGuid = {4C648913-FB21-409D-8565-334270B26750}
	EndGlobalSection
EndGlobal
